
Microsoft Visual Studio Solution File, Format Version 12.00
# Visual Studio 14
VisualStudioVersion = 14.0.25420.1
MinimumVisualStudioVersion = 10.0.40219.1
Project("{2150E333-8FDC-42A3-9474-1A3956D46DE8}") = "src", "src", "{BC98DAC3-6298-4DF1-AD4F-1A1784AA6A88}"
EndProject
Project("{2150E333-8FDC-42A3-9474-1A3956D46DE8}") = "Solution Items", "Solution Items", "{56DBA16B-DEA3-4B1A-9930-B6C434224931}"
	ProjectSection(SolutionItems) = preProject
		global.json = global.json
	EndProjectSection
EndProject
Project("{8BB2217D-0F2D-49D1-97BC-3654ED321F3B}") = "AzureTestAPI", "src\AzureTestAPI\AzureTestAPI.xproj", "{EAE98D50-A9FF-44DF-84FE-93470AC353FD}"
EndProject
Project("{2150E333-8FDC-42A3-9474-1A3956D46DE8}") = "test", "test", "{10D77FCA-9A3E-4D0C-B5D5-927A40B56DA5}"
EndProject
Project("{8BB2217D-0F2D-49D1-97BC-3654ED321F3B}") = "AzureTestAPI.Tests", "test\AzureTestAPI.Tests.xproj", "{129BAF99-B1B9-4249-8D20-12B4018F9177}"
EndProject
Global
	GlobalSection(SolutionConfigurationPlatforms) = preSolution
		Debug|Any CPU = Debug|Any CPU
		Release|Any CPU = Release|Any CPU
	EndGlobalSection
	GlobalSection(ProjectConfigurationPlatforms) = postSolution
		{EAE98D50-A9FF-44DF-84FE-93470AC353FD}.Debug|Any CPU.ActiveCfg = Debug|Any CPU
		{EAE98D50-A9FF-44DF-84FE-93470AC353FD}.Debug|Any CPU.Build.0 = Debug|Any CPU
		{EAE98D50-A9FF-44DF-84FE-93470AC353FD}.Release|Any CPU.ActiveCfg = Release|Any CPU
		{EAE98D50-A9FF-44DF-84FE-93470AC353FD}.Release|Any CPU.Build.0 = Release|Any CPU
		{129BAF99-B1B9-4249-8D20-12B4018F9177}.Debug|Any CPU.ActiveCfg = Debug|Any CPU
		{129BAF99-B1B9-4249-8D20-12B4018F9177}.Debug|Any CPU.Build.0 = Debug|Any CPU
		{129BAF99-B1B9-4249-8D20-12B4018F9177}.Release|Any CPU.ActiveCfg = Release|Any CPU
		{129BAF99-B1B9-4249-8D20-12B4018F9177}.Release|Any CPU.Build.0 = Release|Any CPU
	EndGlobalSection
	GlobalSection(SolutionProperties) = preSolution
		HideSolutionNode = FALSE
	EndGlobalSection
	GlobalSection(NestedProjects) = preSolution
		{EAE98D50-A9FF-44DF-84FE-93470AC353FD} = {BC98DAC3-6298-4DF1-AD4F-1A1784AA6A88}
		{129BAF99-B1B9-4249-8D20-12B4018F9177} = {10D77FCA-9A3E-4D0C-B5D5-927A40B56DA5}
	EndGlobalSection
EndGlobal
